{
  "name": "@inquirer/core",
  "version": "0.0.12-alpha.0",
  "lockfileVersion": 1,
  "requires": true,
  "dependencies": {
    "is-promise": {
      "version": "2.1.0",
      "resolved": "https://registry.npmjs.org/is-promise/-/is-promise-2.1.0.tgz",
      "integrity": "sha1-eaKp7OfwlugPNtKy87wWwf9L8/o="
    },
    "lodash": {
      "version": "4.17.16",
      "resolved": "https://registry.npmjs.org/lodash/-/lodash-4.17.16.tgz",
      "integrity": "sha512-mzxOTaU4AsJhnIujhngm+OnA6JX4fTI8D5H26wwGd+BJ57bW70oyRwTqo6EFJm1jTZ7hCo7yVzH1vB8TMFd2ww=="
    },
    "run-async": {
      "version": "2.3.0",
      "resolved": "https://registry.npmjs.org/run-async/-/run-async-2.3.0.tgz",
      "integrity": "sha1-A3GrSuC91yDUFm19/aZP96RFpsA=",
      "requires": {
        "is-promise": "^2.1.0"
      }
    }
  }
}
